// !$*UTF8*$!
{
	archiveVersion = 1;
	classes = {
	};
	objectVersion = 46;
	objects = {

/* Begin PBXBuildFile section */
		540036881A3F66AA00E0B8F1 /* main.m in Sources */ = {isa = PBXBuildFile; fileRef = 540036871A3F66AA00E0B8F1 /* main.m */; };
		5400368B1A3F66AA00E0B8F1 /* AppDelegate.m in Sources */ = {isa = PBXBuildFile; fileRef = 5400368A1A3F66AA00E0B8F1 /* AppDelegate.m */; };
		5400368E1A3F66AA00E0B8F1 /* ViewController.m in Sources */ = {isa = PBXBuildFile; fileRef = 5400368D1A3F66AA00E0B8F1 /* ViewController.m */; };
		540036911A3F66AA00E0B8F1 /* Main.storyboard in Resources */ = {isa = PBXBuildFile; fileRef = 5400368F1A3F66AA00E0B8F1 /* Main.storyboard */; };
		540036931A3F66AA00E0B8F1 /* Images.xcassets in Resources */ = {isa = PBXBuildFile; fileRef = 540036921A3F66AA00E0B8F1 /* Images.xcassets */; };
		540036961A3F66AA00E0B8F1 /* LaunchScreen.xib in Resources */ = {isa = PBXBuildFile; fileRef = 540036941A3F66AA00E0B8F1 /* LaunchScreen.xib */; };
		540036A21A3F66AA00E0B8F1 /* AttributorTests.m in Sources */ = {isa = PBXBuildFile; fileRef = 540036A11A3F66AA00E0B8F1 /* AttributorTests.m */; };
		5489EDA21A423F84009AE740 /* TextStatsViewController.m in Sources */ = {isa = PBXBuildFile; fileRef = 5489EDA11A423F84009AE740 /* TextStatsViewController.m */; };
/* End PBXBuildFile section */

/* Begin PBXContainerItemProxy section */
		5400369C1A3F66AA00E0B8F1 /* PBXContainerItemProxy */ = {
			isa = PBXContainerItemProxy;
			containerPortal = 5400367A1A3F66AA00E0B8F1 /* Project object */;
			proxyType = 1;
			remoteGlobalIDString = 540036811A3F66AA00E0B8F1;
			remoteInfo = Attributor;
		};
/* End PBXContainerItemProxy section */

/* Begin PBXFileReference section */
		540036821A3F66AA00E0B8F1 /* Attributor.app */ = {isa = PBXFileReference; explicitFileType = wrapper.application; includeInIndex = 0; path = Attributor.app; sourceTree = BUILT_PRODUCTS_DIR; };
		540036861A3F66AA00E0B8F1 /* Info.plist */ = {isa = PBXFileReference; lastKnownFileType = text.plist.xml; path = Info.plist; sourceTree = "<group>"; };
		540036871A3F66AA00E0B8F1 /* main.m */ = {isa = PBXFileReference; lastKnownFileType = sourcecode.c.objc; path = main.m; sourceTree = "<group>"; };
		540036891A3F66AA00E0B8F1 /* AppDelegate.h */ = {isa = PBXFileReference; lastKnownFileType = sourcecode.c.h; path = AppDelegate.h; sourceTree = "<group>"; };
		5400368A1A3F66AA00E0B8F1 /* AppDelegate.m */ = {isa = PBXFileReference; lastKnownFileType = sourcecode.c.objc; path = AppDelegate.m; sourceTree = "<group>"; };
		5400368C1A3F66AA00E0B8F1 /* ViewController.h */ = {isa = PBXFileReference; lastKnownFileType = sourcecode.c.h; path = ViewController.h; sourceTree = "<group>"; };
		5400368D1A3F66AA00E0B8F1 /* ViewController.m */ = {isa = PBXFileReference; lastKnownFileType = sourcecode.c.objc; path = ViewController.m; sourceTree = "<group>"; };
		540036901A3F66AA00E0B8F1 /* Base */ = {isa = PBXFileReference; lastKnownFileType = file.storyboard; name = Base; path = Base.lproj/Main.storyboard; sourceTree = "<group>"; };
		540036921A3F66AA00E0B8F1 /* Images.xcassets */ = {isa = PBXFileReference; lastKnownFileType = folder.assetcatalog; path = Images.xcassets; sourceTree = "<group>"; };
		540036951A3F66AA00E0B8F1 /* Base */ = {isa = PBXFileReference; lastKnownFileType = file.xib; name = Base; path = Base.lproj/LaunchScreen.xib; sourceTree = "<group>"; };
		5400369B1A3F66AA00E0B8F1 /* AttributorTests.xctest */ = {isa = PBXFileReference; explicitFileType = wrapper.cfbundle; includeInIndex = 0; path = AttributorTests.xctest; sourceTree = BUILT_PRODUCTS_DIR; };
		540036A01A3F66AA00E0B8F1 /* Info.plist */ = {isa = PBXFileReference; lastKnownFileType = text.plist.xml; path = Info.plist; sourceTree = "<group>"; };
		540036A11A3F66AA00E0B8F1 /* AttributorTests.m */ = {isa = PBXFileReference; lastKnownFileType = sourcecode.c.objc; path = AttributorTests.m; sourceTree = "<group>"; };
		5489EDA01A423F84009AE740 /* TextStatsViewController.h */ = {isa = PBXFileReference; fileEncoding = 4; lastKnownFileType = sourcecode.c.h; path = TextStatsViewController.h; sourceTree = "<group>"; };
		5489EDA11A423F84009AE740 /* TextStatsViewController.m */ = {isa = PBXFileReference; fileEncoding = 4; lastKnownFileType = sourcecode.c.objc; path = TextStatsViewController.m; sourceTree = "<group>"; };
/* End PBXFileReference section */

/* Begin PBXFrameworksBuildPhase section */
		5400367F1A3F66AA00E0B8F1 /* Frameworks */ = {
			isa = PBXFrameworksBuildPhase;
			buildActionMask = 2147483647;
			files = (
			);
			runOnlyForDeploymentPostprocessing = 0;
		};
		540036981A3F66AA00E0B8F1 /* Frameworks */ = {
			isa = PBXFrameworksBuildPhase;
			buildActionMask = 2147483647;
			files = (
			);
			runOnlyForDeploymentPostprocessing = 0;
		};
/* End PBXFrameworksBuildPhase section */

/* Begin PBXGroup section */
		540036791A3F66AA00E0B8F1 = {
			isa = PBXGroup;
			children = (
				540036841A3F66AA00E0B8F1 /* Attributor */,
				5400369E1A3F66AA00E0B8F1 /* AttributorTests */,
				540036831A3F66AA00E0B8F1 /* Products */,
			);
			sourceTree = "<group>";
		};
		540036831A3F66AA00E0B8F1 /* Products */ = {
			isa = PBXGroup;
			children = (
				540036821A3F66AA00E0B8F1 /* Attributor.app */,
				5400369B1A3F66AA00E0B8F1 /* AttributorTests.xctest */,
			);
			name = Products;
			sourceTree = "<group>";
		};
		540036841A3F66AA00E0B8F1 /* Attributor */ = {
			isa = PBXGroup;
			children = (
				540036891A3F66AA00E0B8F1 /* AppDelegate.h */,
				5400368A1A3F66AA00E0B8F1 /* AppDelegate.m */,
				5400368C1A3F66AA00E0B8F1 /* ViewController.h */,
				5400368D1A3F66AA00E0B8F1 /* ViewController.m */,
				5400368F1A3F66AA00E0B8F1 /* Main.storyboard */,
				5489EDA01A423F84009AE740 /* TextStatsViewController.h */,
				5489EDA11A423F84009AE740 /* TextStatsViewController.m */,
				540036921A3F66AA00E0B8F1 /* Images.xcassets */,
				540036941A3F66AA00E0B8F1 /* LaunchScreen.xib */,
				540036851A3F66AA00E0B8F1 /* Supporting Files */,
			);
			path = Attributor;
			sourceTree = "<group>";
		};
		540036851A3F66AA00E0B8F1 /* Supporting Files */ = {
			isa = PBXGroup;
			children = (
				540036861A3F66AA00E0B8F1 /* Info.plist */,
				540036871A3F66AA00E0B8F1 /* main.m */,
			);
			name = "Supporting Files";
			sourceTree = "<group>";
		};
		5400369E1A3F66AA00E0B8F1 /* AttributorTests */ = {
			isa = PBXGroup;
			children = (
				540036A11A3F66AA00E0B8F1 /* AttributorTests.m */,
				5400369F1A3F66AA00E0B8F1 /* Supporting Files */,
			);
			path = AttributorTests;
			sourceTree = "<group>";
		};
		5400369F1A3F66AA00E0B8F1 /* Supporting Files */ = {
			isa = PBXGroup;
			children = (
				540036A01A3F66AA00E0B8F1 /* Info.plist */,
			);
			name = "Supporting Files";
			sourceTree = "<group>";
		};
/* End PBXGroup section */

/* Begin PBXNativeTarget section */
		540036811A3F66AA00E0B8F1 /* Attributor */ = {
			isa = PBXNativeTarget;
			buildConfigurationList = 540036A51A3F66AA00E0B8F1 /* Build configuration list for PBXNativeTarget "Attributor" */;
			buildPhases = (
				5400367E1A3F66AA00E0B8F1 /* Sources */,
				5400367F1A3F66AA00E0B8F1 /* Frameworks */,
				540036801A3F66AA00E0B8F1 /* Resources */,
			);
			buildRules = (
			);
			dependencies = (
			);
			name = Attributor;
			productName = Attributor;
			productReference = 540036821A3F66AA00E0B8F1 /* Attributor.app */;
			productType = "com.apple.product-type.application";
		};
		5400369A1A3F66AA00E0B8F1 /* AttributorTests */ = {
			isa = PBXNativeTarget;
			buildConfigurationList = 540036A81A3F66AA00E0B8F1 /* Build configuration list for PBXNativeTarget "AttributorTests" */;
			buildPhases = (
				540036971A3F66AA00E0B8F1 /* Sources */,
				540036981A3F66AA00E0B8F1 /* Frameworks */,
				540036991A3F66AA00E0B8F1 /* Resources */,
			);
			buildRules = (
			);
			dependencies = (
				5400369D1A3F66AA00E0B8F1 /* PBXTargetDependency */,
			);
			name = AttributorTests;
			productName = AttributorTests;
			productReference = 5400369B1A3F66AA00E0B8F1 /* AttributorTests.xctest */;
			productType = "com.apple.product-type.bundle.unit-test";
		};
/* End PBXNativeTarget section */

/* Begin PBXProject section */
		5400367A1A3F66AA00E0B8F1 /* Project object */ = {
			isa = PBXProject;
			attributes = {
				LastUpgradeCheck = 0610;
				ORGANIZATIONNAME = "Rahul Phadnis";
				TargetAttributes = {
					540036811A3F66AA00E0B8F1 = {
						CreatedOnToolsVersion = 6.1;
					};
					5400369A1A3F66AA00E0B8F1 = {
						CreatedOnToolsVersion = 6.1;
						TestTargetID = 540036811A3F66AA00E0B8F1;
					};
				};
			};
			buildConfigurationList = 5400367D1A3F66AA00E0B8F1 /* Build configuration list for PBXProject "Attributor" */;
			compatibilityVersion = "Xcode 3.2";
			developmentRegion = English;
			hasScannedForEncodings = 0;
			knownRegions = (
				en,
				Base,
			);
			mainGroup = 540036791A3F66AA00E0B8F1;
			productRefGroup = 540036831A3F66AA00E0B8F1 /* Products */;
			projectDirPath = "";
			projectRoot = "";
			targets = (
				540036811A3F66AA00E0B8F1 /* Attributor */,
				5400369A1A3F66AA00E0B8F1 /* AttributorTests */,
			);
		};
/* End PBXProject section */

/* Begin PBXResourcesBuildPhase section */
		540036801A3F66AA00E0B8F1 /* Resources */ = {
			isa = PBXResourcesBuildPhase;
			buildActionMask = 2147483647;
			files = (
				540036911A3F66AA00E0B8F1 /* Main.storyboard in Resources */,
				540036961A3F66AA00E0B8F1 /* LaunchScreen.xib in Resources */,
				540036931A3F66AA00E0B8F1 /* Images.xcassets in Resources */,
			);
			runOnlyForDeploymentPostprocessing = 0;
		};
		540036991A3F66AA00E0B8F1 /* Resources */ = {
			isa = PBXResourcesBuildPhase;
			buildActionMask = 2147483647;
			files = (
			);
			runOnlyForDeploymentPostprocessing = 0;
		};
/* End PBXResourcesBuildPhase section */

/* Begin PBXSourcesBuildPhase section */
		5400367E1A3F66AA00E0B8F1 /* Sources */ = {
			isa = PBXSourcesBuildPhase;
			buildActionMask = 2147483647;
			files = (
				5400368E1A3F66AA00E0B8F1 /* ViewController.m in Sources */,
				5400368B1A3F66AA00E0B8F1 /* AppDelegate.m in Sources */,
				540036881A3F66AA00E0B8F1 /* main.m in Sources */,
				5489EDA21A423F84009AE740 /* TextStatsViewController.m in Sources */,
			);
			runOnlyForDeploymentPostprocessing = 0;
		};
		540036971A3F66AA00E0B8F1 /* Sources */ = {
			isa = PBXSourcesBuildPhase;
			buildActionMask = 2147483647;
			files = (
				540036A21A3F66AA00E0B8F1 /* AttributorTests.m in Sources */,
			);
			runOnlyForDeploymentPostprocessing = 0;
		};
/* End PBXSourcesBuildPhase section */

/* Begin PBXTargetDependency section */
		5400369D1A3F66AA00E0B8F1 /* PBXTargetDependency */ = {
			isa = PBXTargetDependency;
			target = 540036811A3F66AA00E0B8F1 /* Attributor */;
			targetProxy = 5400369C1A3F66AA00E0B8F1 /* PBXContainerItemProxy */;
		};
/* End PBXTargetDependency section */

/* Begin PBXVariantGroup section */
		5400368F1A3F66AA00E0B8F1 /* Main.storyboard */ = {
			isa = PBXVariantGroup;
			children = (
				540036901A3F66AA00E0B8F1 /* Base */,
			);
			name = Main.storyboard;
			sourceTree = "<group>";
		};
		540036941A3F66AA00E0B8F1 /* LaunchScreen.xib */ = {
			isa = PBXVariantGroup;
			children = (
				540036951A3F66AA00E0B8F1 /* Base */,
			);
			name = LaunchScreen.xib;
			sourceTree = "<group>";
		};
/* End PBXVariantGroup section */

/* Begin XCBuildConfiguration section */
		540036A31A3F66AA00E0B8F1 /* Debug */ = {
			isa = XCBuildConfiguration;
			buildSettings = {
				ALWAYS_SEARCH_USER_PATHS = NO;
				CLANG_CXX_LANGUAGE_STANDARD = "gnu++0x";
				CLANG_CXX_LIBRARY = "libc++";
				CLANG_ENABLE_MODULES = YES;
				CLANG_ENABLE_OBJC_ARC = YES;
				CLANG_WARN_BOOL_CONVERSION = YES;
				CLANG_WARN_CONSTANT_CONVERSION = YES;
				CLANG_WARN_DIRECT_OBJC_ISA_USAGE = YES_ERROR;
				CLANG_WARN_EMPTY_BODY = YES;
				CLANG_WARN_ENUM_CONVERSION = YES;
				CLANG_WARN_INT_CONVERSION = YES;
				CLANG_WARN_OBJC_ROOT_CLASS = YES_ERROR;
				CLANG_WARN_UNREACHABLE_CODE = YES;
				CLANG_WARN__DUPLICATE_METHOD_MATCH = YES;
				"CODE_SIGN_IDENTITY[sdk=iphoneos*]" = "iPhone Developer";
				COPY_PHASE_STRIP = NO;
				ENABLE_STRICT_OBJC_MSGSEND = YES;
				GCC_C_LANGUAGE_STANDARD = gnu99;
				GCC_DYNAMIC_NO_PIC = NO;
				GCC_OPTIMIZATION_LEVEL = 0;
				GCC_PREPROCESSOR_DEFINITIONS = (
					"DEBUG=1",
					"$(inherited)",
				);
				GCC_SYMBOLS_PRIVATE_EXTERN = NO;
				GCC_WARN_64_TO_32_BIT_CONVERSION = YES;
				GCC_WARN_ABOUT_RETURN_TYPE = YES_ERROR;
				GCC_WARN_UNDECLARED_SELECTOR = YES;
				GCC_WARN_UNINITIALIZED_AUTOS = YES_AGGRESSIVE;
				GCC_WARN_UNUSED_FUNCTION = YES;
				GCC_WARN_UNUSED_VARIABLE = YES;
				IPHONEOS_DEPLOYMENT_TARGET = 8.1;
				MTL_ENABLE_DEBUG_INFO = YES;
				ONLY_ACTIVE_ARCH = YES;
				SDKROOT = iphoneos;
			};
			name = Debug;
		};
		540036A41A3F66AA00E0B8F1 /* Release */ = {
			isa = XCBuildConfiguration;
			buildSettings = {
				ALWAYS_SEARCH_USER_PATHS = NO;
				CLANG_CXX_LANGUAGE_STANDARD = "gnu++0x";
				CLANG_CXX_LIBRARY = "libc++";
				CLANG_ENABLE_MODULES = YES;
				CLANG_ENABLE_OBJC_ARC = YES;
				CLANG_WARN_BOOL_CONVERSION = YES;
				CLANG_WARN_CONSTANT_CONVERSION = YES;
				CLANG_WARN_DIRECT_OBJC_ISA_USAGE = YES_ERROR;
				CLANG_WARN_EMPTY_BODY = YES;
				CLANG_WARN_ENUM_CONVERSION = YES;
				CLANG_WARN_INT_CONVERSION = YES;
				CLANG_WARN_OBJC_ROOT_CLASS = YES_ERROR;
				CLANG_WARN_UNREACHABLE_CODE = YES;
				CLANG_WARN__DUPLICATE_METHOD_MATCH = YES;
				"CODE_SIGN_IDENTITY[sdk=iphoneos*]" = "iPhone Developer";
				COPY_PHASE_STRIP = YES;
				ENABLE_NS_ASSERTIONS = NO;
				ENABLE_STRICT_OBJC_MSGSEND = YES;
				GCC_C_LANGUAGE_STANDARD = gnu99;
				GCC_WARN_64_TO_32_BIT_CONVERSION = YES;
				GCC_WARN_ABOUT_RETURN_TYPE = YES_ERROR;
				GCC_WARN_UNDECLARED_SELECTOR = YES;
				GCC_WARN_UNINITIALIZED_AUTOS = YES_AGGRESSIVE;
				GCC_WARN_UNUSED_FUNCTION = YES;
				GCC_WARN_UNUSED_VARIABLE = YES;
				IPHONEOS_DEPLOYMENT_TARGET = 8.1;
				MTL_ENABLE_DEBUG_INFO = NO;
				SDKROOT = iphoneos;
				VALIDATE_PRODUCT = YES;
			};
			name = Release;
		};
		540036A61A3F66AA00E0B8F1 /* Debug */ = {
			isa = XCBuildConfiguration;
			buildSettings = {
				ASSETCATALOG_COMPILER_APPICON_NAME = AppIcon;
				INFOPLIST_FILE = Attributor/Info.plist;
				LD_RUNPATH_SEARCH_PATHS = "$(inherited) @executable_path/Frameworks";
				PRODUCT_NAME = "$(TARGET_NAME)";
			};
			name = Debug;
		};
		540036A71A3F66AA00E0B8F1 /* Release */ = {
			isa = XCBuildConfiguration;
			buildSettings = {
				ASSETCATALOG_COMPILER_APPICON_NAME = AppIcon;
				INFOPLIST_FILE = Attributor/Info.plist;
				LD_RUNPATH_SEARCH_PATHS = "$(inherited) @executable_path/Frameworks";
				PRODUCT_NAME = "$(TARGET_NAME)";
			};
			name = Release;
		};
		540036A91A3F66AA00E0B8F1 /* Debug */ = {
			isa = XCBuildConfiguration;
			buildSettings = {
				BUNDLE_LOADER = "$(TEST_HOST)";
				FRAMEWORK_SEARCH_PATHS = (
					"$(SDKROOT)/Developer/Library/Frameworks",
					"$(inherited)",
				);
				GCC_PREPROCESSOR_DEFINITIONS = (
					"DEBUG=1",
					"$(inherited)",
				);
				INFOPLIST_FILE = AttributorTests/Info.plist;
				LD_RUNPATH_SEARCH_PATHS = "$(inherited) @executable_path/Frameworks @loader_path/Frameworks";
				PRODUCT_NAME = "$(TARGET_NAME)";
				TEST_HOST = "$(BUILT_PRODUCTS_DIR)/Attributor.app/Attributor";
			};
			name = Debug;
		};
		540036AA1A3F66AA00E0B8F1 /* Release */ = {
			isa = XCBuildConfiguration;
			buildSettings = {
				BUNDLE_LOADER = "$(TEST_HOST)";
				FRAMEWORK_SEARCH_PATHS = (
					"$(SDKROOT)/Developer/Library/Frameworks",
					"$(inherited)",
				);
				INFOPLIST_FILE = AttributorTests/Info.plist;
				LD_RUNPATH_SEARCH_PATHS = "$(inherited) @executable_path/Frameworks @loader_path/Frameworks";
				PRODUCT_NAME = "$(TARGET_NAME)";
				TEST_HOST = "$(BUILT_PRODUCTS_DIR)/Attributor.app/Attributor";
			};
			name = Release;
		};
/* End XCBuildConfiguration section */

/* Begin XCConfigurationList section */
		5400367D1A3F66AA00E0B8F1 /* Build configuration list for PBXProject "Attributor" */ = {
			isa = XCConfigurationList;
			buildConfigurations = (
				540036A31A3F66AA00E0B8F1 /* Debug */,
				540036A41A3F66AA00E0B8F1 /* Release */,
			);
			defaultConfigurationIsVisible = 0;
			defaultConfigurationName = Release;
		};
		540036A51A3F66AA00E0B8F1 /* Build configuration list for PBXNativeTarget "Attributor" */ = {
			isa = XCConfigurationList;
			buildConfigurations = (
				540036A61A3F66AA00E0B8F1 /* Debug */,
				540036A71A3F66AA00E0B8F1 /* Release */,
			);
			defaultConfigurationIsVisible = 0;
			defaultConfigurationName = Release;
		};
		540036A81A3F66AA00E0B8F1 /* Build configuration list for PBXNativeTarget "AttributorTests" */ = {
			isa = XCConfigurationList;
			buildConfigurations = (
				540036A91A3F66AA00E0B8F1 /* Debug */,
				540036AA1A3F66AA00E0B8F1 /* Release */,
			);
			defaultConfigurationIsVisible = 0;
			defaultConfigurationName = Release;
		};
/* End XCConfigurationList section */
	};
	rootObject = 5400367A1A3F66AA00E0B8F1 /* Project object */;
}
